
Microsoft Visual Studio Solution File, Format Version 12.00
# Visual Studio Version 17
VisualStudioVersion = 17.9.34723.18
MinimumVisualStudioVersion = 10.0.40219.1
Project("{9A19103F-16F7-4668-BE54-9A1E7A4F7556}") = "dermanovaPr", "dermanovaPr\dermanovaPr.csproj", "{4236E2F0-9F18-4C86-A3B1-00FD22C92779}"
EndProject
Global
	GlobalSection(SolutionConfigurationPlatforms) = preSolution
		Debug|Any CPU = Debug|Any CPU
		Release|Any CPU = Release|Any CPU
	EndGlobalSection
	GlobalSection(ProjectConfigurationPlatforms) = postSolution
		{4236E2F0-9F18-4C86-A3B1-00FD22C92779}.Debug|Any CPU.ActiveCfg = Debug|Any CPU
		{4236E2F0-9F18-4C86-A3B1-00FD22C92779}.Debug|Any CPU.Build.0 = Debug|Any CPU
		{4236E2F0-9F18-4C86-A3B1-00FD22C92779}.Release|Any CPU.ActiveCfg = Release|Any CPU
		{4236E2F0-9F18-4C86-A3B1-00FD22C92779}.Release|Any CPU.Build.0 = Release|Any CPU
	EndGlobalSection
	GlobalSection(SolutionProperties) = preSolution
		HideSolutionNode = FALSE
	EndGlobalSection
	GlobalSection(ExtensibilityGlobals) = postSolution
		SolutionGuid = {04D72807-264E-47D6-A9BB-517E4225DF23}
	EndGlobalSection
EndGlobal
